// !$*UTF8*$!
{
	archiveVersion = 1;
	classes = {
	};
	objectVersion = 46;
	objects = {

/* Begin PBXBuildFile section */
		5A1178F7D09DF8AB8F428514 /* libPods.a in Frameworks */ = {isa = PBXBuildFile; fileRef = BD483B21CB1873FE9DCD784C /* libPods.a */; };
		847508BF1B9A6144006A486B /* repostIcon.png in Resources */ = {isa = PBXBuildFile; fileRef = 847508BE1B9A6144006A486B /* repostIcon.png */; };
		847AD3711B906E1300581426 /* NVUser.m in Sources */ = {isa = PBXBuildFile; fileRef = 847AD3701B906E1300581426 /* NVUser.m */; };
		847AD3741B906E8700581426 /* NVLoginVC.m in Sources */ = {isa = PBXBuildFile; fileRef = 847AD3731B906E8700581426 /* NVLoginVC.m */; };
		847AD3771B90753300581426 /* NVServerManager.m in Sources */ = {isa = PBXBuildFile; fileRef = 847AD3761B90753300581426 /* NVServerManager.m */; };
		847AD37A1B90A9DF00581426 /* NVPhotoCell.m in Sources */ = {isa = PBXBuildFile; fileRef = 847AD3791B90A9DF00581426 /* NVPhotoCell.m */; };
		847AD37D1B90AA3B00581426 /* NVDetailInfoVC.m in Sources */ = {isa = PBXBuildFile; fileRef = 847AD37C1B90AA3B00581426 /* NVDetailInfoVC.m */; };
		84B365581B91D2EE003E33C2 /* NVFollowersVC.m in Sources */ = {isa = PBXBuildFile; fileRef = 84B365571B91D2EE003E33C2 /* NVFollowersVC.m */; };
		84B3655B1B91E5BA003E33C2 /* NVSubcription.m in Sources */ = {isa = PBXBuildFile; fileRef = 84B3655A1B91E5BA003E33C2 /* NVSubcription.m */; };
		84B3655E1B91E773003E33C2 /* NVSubscriptionVC.m in Sources */ = {isa = PBXBuildFile; fileRef = 84B3655D1B91E773003E33C2 /* NVSubscriptionVC.m */; };
		84E36C8F1B920F7400AC1F56 /* NVWallPost.m in Sources */ = {isa = PBXBuildFile; fileRef = 84E36C8E1B920F7400AC1F56 /* NVWallPost.m */; };
		84EB349F1B9060F800C7E0AC /* main.m in Sources */ = {isa = PBXBuildFile; fileRef = 84EB349E1B9060F800C7E0AC /* main.m */; };
		84EB34A21B9060F800C7E0AC /* AppDelegate.m in Sources */ = {isa = PBXBuildFile; fileRef = 84EB34A11B9060F800C7E0AC /* AppDelegate.m */; };
		84EB34A51B9060F800C7E0AC /* NVFriendsVC.m in Sources */ = {isa = PBXBuildFile; fileRef = 84EB34A41B9060F800C7E0AC /* NVFriendsVC.m */; };
		84EB34A81B9060F800C7E0AC /* Main.storyboard in Resources */ = {isa = PBXBuildFile; fileRef = 84EB34A61B9060F800C7E0AC /* Main.storyboard */; };
		84EB34AA1B9060F800C7E0AC /* Images.xcassets in Resources */ = {isa = PBXBuildFile; fileRef = 84EB34A91B9060F800C7E0AC /* Images.xcassets */; };
		84EB34AD1B9060F800C7E0AC /* LaunchScreen.xib in Resources */ = {isa = PBXBuildFile; fileRef = 84EB34AB1B9060F800C7E0AC /* LaunchScreen.xib */; };
		84EB34B91B9060F800C7E0AC /* _5__APIWithoutAccessTokenTests.m in Sources */ = {isa = PBXBuildFile; fileRef = 84EB34B81B9060F800C7E0AC /* _5__APIWithoutAccessTokenTests.m */; };
		84EBDEFA1B99093500AD9460 /* NVGroup.m in Sources */ = {isa = PBXBuildFile; fileRef = 84EBDEF91B99093500AD9460 /* NVGroup.m */; };
		84F047261B983AD10039FEF4 /* NVRepostCell.m in Sources */ = {isa = PBXBuildFile; fileRef = 84F047251B983AD10039FEF4 /* NVRepostCell.m */; };
		84F066A21B95D1320037EF83 /* NVWallVC.m in Sources */ = {isa = PBXBuildFile; fileRef = 84F066A11B95D1320037EF83 /* NVWallVC.m */; };
		84F066A51B95D7500037EF83 /* NVLikes.m in Sources */ = {isa = PBXBuildFile; fileRef = 84F066A41B95D7500037EF83 /* NVLikes.m */; };
		84F066A81B95E6010037EF83 /* NVWallHeaderCell.m in Sources */ = {isa = PBXBuildFile; fileRef = 84F066A71B95E6010037EF83 /* NVWallHeaderCell.m */; };
		84F066AB1B960B630037EF83 /* NVAttachmentCell.m in Sources */ = {isa = PBXBuildFile; fileRef = 84F066AA1B960B630037EF83 /* NVAttachmentCell.m */; };
		84F066AE1B960D4E0037EF83 /* NVPhoto.m in Sources */ = {isa = PBXBuildFile; fileRef = 84F066AD1B960D4E0037EF83 /* NVPhoto.m */; };
		84F066B11B960F0A0037EF83 /* NVAudio.m in Sources */ = {isa = PBXBuildFile; fileRef = 84F066B01B960F0A0037EF83 /* NVAudio.m */; };
		84FD6D771B99A01F00558FE2 /* NVTextCell.m in Sources */ = {isa = PBXBuildFile; fileRef = 84FD6D761B99A01F00558FE2 /* NVTextCell.m */; };
		84FD6D7D1B99FAC300558FE2 /* docIcon.png in Resources */ = {isa = PBXBuildFile; fileRef = 84FD6D791B99FAC300558FE2 /* docIcon.png */; };
		84FD6D7E1B99FAC300558FE2 /* pauseAudio.jpg in Resources */ = {isa = PBXBuildFile; fileRef = 84FD6D7A1B99FAC300558FE2 /* pauseAudio.jpg */; };
		84FD6D7F1B99FAC300558FE2 /* playAudio.jpg in Resources */ = {isa = PBXBuildFile; fileRef = 84FD6D7B1B99FAC300558FE2 /* playAudio.jpg */; };
		84FD6D801B99FAC300558FE2 /* Копия audioIcons.jpg in Resources */ = {isa = PBXBuildFile; fileRef = 84FD6D7C1B99FAC300558FE2 /* Копия audioIcons.jpg */; };
		84FD6D841B9A0ED100558FE2 /* NVDocument.m in Sources */ = {isa = PBXBuildFile; fileRef = 84FD6D831B9A0ED100558FE2 /* NVDocument.m */; };
/* End PBXBuildFile section */

/* Begin PBXContainerItemProxy section */
		84EB34B31B9060F800C7E0AC /* PBXContainerItemProxy */ = {
			isa = PBXContainerItemProxy;
			containerPortal = 84EB34911B9060F700C7E0AC /* Project object */;
			proxyType = 1;
			remoteGlobalIDString = 84EB34981B9060F700C7E0AC;
			remoteInfo = "45. APIWithoutAccessToken";
		};
/* End PBXContainerItemProxy section */

/* Begin PBXFileReference section */
		2B74597E3F1866E36C551DFF /* Pods.debug.xcconfig */ = {isa = PBXFileReference; includeInIndex = 1; lastKnownFileType = text.xcconfig; name = Pods.debug.xcconfig; path = "Pods/Target Support Files/Pods/Pods.debug.xcconfig"; sourceTree = "<group>"; };
		847508BE1B9A6144006A486B /* repostIcon.png */ = {isa = PBXFileReference; lastKnownFileType = image.png; path = repostIcon.png; sourceTree = "<group>"; };
		847AD36F1B906E1300581426 /* NVUser.h */ = {isa = PBXFileReference; fileEncoding = 4; lastKnownFileType = sourcecode.c.h; path = NVUser.h; sourceTree = "<group>"; };
		847AD3701B906E1300581426 /* NVUser.m */ = {isa = PBXFileReference; fileEncoding = 4; lastKnownFileType = sourcecode.c.objc; path = NVUser.m; sourceTree = "<group>"; };
		847AD3721B906E8700581426 /* NVLoginVC.h */ = {isa = PBXFileReference; fileEncoding = 4; lastKnownFileType = sourcecode.c.h; path = NVLoginVC.h; sourceTree = "<group>"; };
		847AD3731B906E8700581426 /* NVLoginVC.m */ = {isa = PBXFileReference; fileEncoding = 4; lastKnownFileType = sourcecode.c.objc; path = NVLoginVC.m; sourceTree = "<group>"; };
		847AD3751B90753300581426 /* NVServerManager.h */ = {isa = PBXFileReference; fileEncoding = 4; lastKnownFileType = sourcecode.c.h; path = NVServerManager.h; sourceTree = "<group>"; };
		847AD3761B90753300581426 /* NVServerManager.m */ = {isa = PBXFileReference; fileEncoding = 4; lastKnownFileType = sourcecode.c.objc; path = NVServerManager.m; sourceTree = "<group>"; };
		847AD3781B90A9DF00581426 /* NVPhotoCell.h */ = {isa = PBXFileReference; fileEncoding = 4; lastKnownFileType = sourcecode.c.h; path = NVPhotoCell.h; sourceTree = "<group>"; };
		847AD3791B90A9DF00581426 /* NVPhotoCell.m */ = {isa = PBXFileReference; fileEncoding = 4; lastKnownFileType = sourcecode.c.objc; path = NVPhotoCell.m; sourceTree = "<group>"; };
		847AD37B1B90AA3B00581426 /* NVDetailInfoVC.h */ = {isa = PBXFileReference; fileEncoding = 4; lastKnownFileType = sourcecode.c.h; path = NVDetailInfoVC.h; sourceTree = "<group>"; };
		847AD37C1B90AA3B00581426 /* NVDetailInfoVC.m */ = {isa = PBXFileReference; fileEncoding = 4; lastKnownFileType = sourcecode.c.objc; path = NVDetailInfoVC.m; sourceTree = "<group>"; };
		84B365561B91D2EE003E33C2 /* NVFollowersVC.h */ = {isa = PBXFileReference; fileEncoding = 4; lastKnownFileType = sourcecode.c.h; path = NVFollowersVC.h; sourceTree = "<group>"; };
		84B365571B91D2EE003E33C2 /* NVFollowersVC.m */ = {isa = PBXFileReference; fileEncoding = 4; lastKnownFileType = sourcecode.c.objc; path = NVFollowersVC.m; sourceTree = "<group>"; };
		84B365591B91E5B9003E33C2 /* NVSubcription.h */ = {isa = PBXFileReference; fileEncoding = 4; lastKnownFileType = sourcecode.c.h; path = NVSubcription.h; sourceTree = "<group>"; };
		84B3655A1B91E5BA003E33C2 /* NVSubcription.m */ = {isa = PBXFileReference; fileEncoding = 4; lastKnownFileType = sourcecode.c.objc; path = NVSubcription.m; sourceTree = "<group>"; };
		84B3655C1B91E773003E33C2 /* NVSubscriptionVC.h */ = {isa = PBXFileReference; fileEncoding = 4; lastKnownFileType = sourcecode.c.h; path = NVSubscriptionVC.h; sourceTree = "<group>"; };
		84B3655D1B91E773003E33C2 /* NVSubscriptionVC.m */ = {isa = PBXFileReference; fileEncoding = 4; lastKnownFileType = sourcecode.c.objc; path = NVSubscriptionVC.m; sourceTree = "<group>"; };
		84E36C8D1B920F7400AC1F56 /* NVWallPost.h */ = {isa = PBXFileReference; fileEncoding = 4; lastKnownFileType = sourcecode.c.h; path = NVWallPost.h; sourceTree = "<group>"; };
		84E36C8E1B920F7400AC1F56 /* NVWallPost.m */ = {isa = PBXFileReference; fileEncoding = 4; lastKnownFileType = sourcecode.c.objc; path = NVWallPost.m; sourceTree = "<group>"; };
		84EB34991B9060F700C7E0AC /* 45. APIWithoutAccessToken.app */ = {isa = PBXFileReference; explicitFileType = wrapper.application; includeInIndex = 0; path = "45. APIWithoutAccessToken.app"; sourceTree = BUILT_PRODUCTS_DIR; };
		84EB349D1B9060F800C7E0AC /* Info.plist */ = {isa = PBXFileReference; lastKnownFileType = text.plist.xml; path = Info.plist; sourceTree = "<group>"; };
		84EB349E1B9060F800C7E0AC /* main.m */ = {isa = PBXFileReference; lastKnownFileType = sourcecode.c.objc; path = main.m; sourceTree = "<group>"; };
		84EB34A01B9060F800C7E0AC /* AppDelegate.h */ = {isa = PBXFileReference; lastKnownFileType = sourcecode.c.h; path = AppDelegate.h; sourceTree = "<group>"; };
		84EB34A11B9060F800C7E0AC /* AppDelegate.m */ = {isa = PBXFileReference; lastKnownFileType = sourcecode.c.objc; path = AppDelegate.m; sourceTree = "<group>"; };
		84EB34A31B9060F800C7E0AC /* NVFriendsVC.h */ = {isa = PBXFileReference; lastKnownFileType = sourcecode.c.h; path = NVFriendsVC.h; sourceTree = "<group>"; };
		84EB34A41B9060F800C7E0AC /* NVFriendsVC.m */ = {isa = PBXFileReference; lastKnownFileType = sourcecode.c.objc; path = NVFriendsVC.m; sourceTree = "<group>"; };
		84EB34A71B9060F800C7E0AC /* Base */ = {isa = PBXFileReference; lastKnownFileType = file.storyboard; name = Base; path = Base.lproj/Main.storyboard; sourceTree = "<group>"; };
		84EB34A91B9060F800C7E0AC /* Images.xcassets */ = {isa = PBXFileReference; lastKnownFileType = folder.assetcatalog; path = Images.xcassets; sourceTree = "<group>"; };
		84EB34AC1B9060F800C7E0AC /* Base */ = {isa = PBXFileReference; lastKnownFileType = file.xib; name = Base; path = Base.lproj/LaunchScreen.xib; sourceTree = "<group>"; };
		84EB34B21B9060F800C7E0AC /* 45. APIWithoutAccessTokenTests.xctest */ = {isa = PBXFileReference; explicitFileType = wrapper.cfbundle; includeInIndex = 0; path = "45. APIWithoutAccessTokenTests.xctest"; sourceTree = BUILT_PRODUCTS_DIR; };
		84EB34B71B9060F800C7E0AC /* Info.plist */ = {isa = PBXFileReference; lastKnownFileType = text.plist.xml; path = Info.plist; sourceTree = "<group>"; };
		84EB34B81B9060F800C7E0AC /* _5__APIWithoutAccessTokenTests.m */ = {isa = PBXFileReference; lastKnownFileType = sourcecode.c.objc; path = _5__APIWithoutAccessTokenTests.m; sourceTree = "<group>"; };
		84EBDEF81B99093500AD9460 /* NVGroup.h */ = {isa = PBXFileReference; fileEncoding = 4; lastKnownFileType = sourcecode.c.h; path = NVGroup.h; sourceTree = "<group>"; };
		84EBDEF91B99093500AD9460 /* NVGroup.m */ = {isa = PBXFileReference; fileEncoding = 4; lastKnownFileType = sourcecode.c.objc; path = NVGroup.m; sourceTree = "<group>"; };
		84F047241B983AD10039FEF4 /* NVRepostCell.h */ = {isa = PBXFileReference; fileEncoding = 4; lastKnownFileType = sourcecode.c.h; path = NVRepostCell.h; sourceTree = "<group>"; };
		84F047251B983AD10039FEF4 /* NVRepostCell.m */ = {isa = PBXFileReference; fileEncoding = 4; lastKnownFileType = sourcecode.c.objc; path = NVRepostCell.m; sourceTree = "<group>"; };
		84F066A01B95D1320037EF83 /* NVWallVC.h */ = {isa = PBXFileReference; fileEncoding = 4; lastKnownFileType = sourcecode.c.h; path = NVWallVC.h; sourceTree = "<group>"; };
		84F066A11B95D1320037EF83 /* NVWallVC.m */ = {isa = PBXFileReference; fileEncoding = 4; lastKnownFileType = sourcecode.c.objc; path = NVWallVC.m; sourceTree = "<group>"; };
		84F066A31B95D7500037EF83 /* NVLikes.h */ = {isa = PBXFileReference; fileEncoding = 4; lastKnownFileType = sourcecode.c.h; path = NVLikes.h; sourceTree = "<group>"; };
		84F066A41B95D7500037EF83 /* NVLikes.m */ = {isa = PBXFileReference; fileEncoding = 4; lastKnownFileType = sourcecode.c.objc; path = NVLikes.m; sourceTree = "<group>"; };
		84F066A61B95E6010037EF83 /* NVWallHeaderCell.h */ = {isa = PBXFileReference; fileEncoding = 4; lastKnownFileType = sourcecode.c.h; path = NVWallHeaderCell.h; sourceTree = "<group>"; };
		84F066A71B95E6010037EF83 /* NVWallHeaderCell.m */ = {isa = PBXFileReference; fileEncoding = 4; lastKnownFileType = sourcecode.c.objc; path = NVWallHeaderCell.m; sourceTree = "<group>"; };
		84F066A91B960B630037EF83 /* NVAttachmentCell.h */ = {isa = PBXFileReference; fileEncoding = 4; lastKnownFileType = sourcecode.c.h; path = NVAttachmentCell.h; sourceTree = "<group>"; };
		84F066AA1B960B630037EF83 /* NVAttachmentCell.m */ = {isa = PBXFileReference; fileEncoding = 4; lastKnownFileType = sourcecode.c.objc; path = NVAttachmentCell.m; sourceTree = "<group>"; };
		84F066AC1B960D4E0037EF83 /* NVPhoto.h */ = {isa = PBXFileReference; fileEncoding = 4; lastKnownFileType = sourcecode.c.h; path = NVPhoto.h; sourceTree = "<group>"; };
		84F066AD1B960D4E0037EF83 /* NVPhoto.m */ = {isa = PBXFileReference; fileEncoding = 4; lastKnownFileType = sourcecode.c.objc; path = NVPhoto.m; sourceTree = "<group>"; };
		84F066AF1B960F0A0037EF83 /* NVAudio.h */ = {isa = PBXFileReference; fileEncoding = 4; lastKnownFileType = sourcecode.c.h; path = NVAudio.h; sourceTree = "<group>"; };
		84F066B01B960F0A0037EF83 /* NVAudio.m */ = {isa = PBXFileReference; fileEncoding = 4; lastKnownFileType = sourcecode.c.objc; path = NVAudio.m; sourceTree = "<group>"; };
		84FD6D751B99A01F00558FE2 /* NVTextCell.h */ = {isa = PBXFileReference; fileEncoding = 4; lastKnownFileType = sourcecode.c.h; path = NVTextCell.h; sourceTree = "<group>"; };
		84FD6D761B99A01F00558FE2 /* NVTextCell.m */ = {isa = PBXFileReference; fileEncoding = 4; lastKnownFileType = sourcecode.c.objc; path = NVTextCell.m; sourceTree = "<group>"; };
		84FD6D791B99FAC300558FE2 /* docIcon.png */ = {isa = PBXFileReference; lastKnownFileType = image.png; path = docIcon.png; sourceTree = "<group>"; };
		84FD6D7A1B99FAC300558FE2 /* pauseAudio.jpg */ = {isa = PBXFileReference; lastKnownFileType = image.jpeg; path = pauseAudio.jpg; sourceTree = "<group>"; };
		84FD6D7B1B99FAC300558FE2 /* playAudio.jpg */ = {isa = PBXFileReference; lastKnownFileType = image.jpeg; path = playAudio.jpg; sourceTree = "<group>"; };
		84FD6D7C1B99FAC300558FE2 /* Копия audioIcons.jpg */ = {isa = PBXFileReference; lastKnownFileType = image.jpeg; path = "Копия audioIcons.jpg"; sourceTree = "<group>"; };
		84FD6D821B9A0ED100558FE2 /* NVDocument.h */ = {isa = PBXFileReference; fileEncoding = 4; lastKnownFileType = sourcecode.c.h; path = NVDocument.h; sourceTree = "<group>"; };
		84FD6D831B9A0ED100558FE2 /* NVDocument.m */ = {isa = PBXFileReference; fileEncoding = 4; lastKnownFileType = sourcecode.c.objc; path = NVDocument.m; sourceTree = "<group>"; };
		BD483B21CB1873FE9DCD784C /* libPods.a */ = {isa = PBXFileReference; explicitFileType = archive.ar; includeInIndex = 0; path = libPods.a; sourceTree = BUILT_PRODUCTS_DIR; };
		E1A363DDB7F508AC7EA97246 /* Pods.release.xcconfig */ = {isa = PBXFileReference; includeInIndex = 1; lastKnownFileType = text.xcconfig; name = Pods.release.xcconfig; path = "Pods/Target Support Files/Pods/Pods.release.xcconfig"; sourceTree = "<group>"; };
/* End PBXFileReference section */

/* Begin PBXFrameworksBuildPhase section */
		84EB34961B9060F700C7E0AC /* Frameworks */ = {
			isa = PBXFrameworksBuildPhase;
			buildActionMask = 2147483647;
			files = (
				5A1178F7D09DF8AB8F428514 /* libPods.a in Frameworks */,
			);
			runOnlyForDeploymentPostprocessing = 0;
		};
		84EB34AF1B9060F800C7E0AC /* Frameworks */ = {
			isa = PBXFrameworksBuildPhase;
			buildActionMask = 2147483647;
			files = (
			);
			runOnlyForDeploymentPostprocessing = 0;
		};
/* End PBXFrameworksBuildPhase section */

/* Begin PBXGroup section */
		84B3655F1B91E77C003E33C2 /* Models */ = {
			isa = PBXGroup;
			children = (
				84F066AC1B960D4E0037EF83 /* NVPhoto.h */,
				84F066AD1B960D4E0037EF83 /* NVPhoto.m */,
				84FD6D821B9A0ED100558FE2 /* NVDocument.h */,
				84FD6D831B9A0ED100558FE2 /* NVDocument.m */,
				84F066AF1B960F0A0037EF83 /* NVAudio.h */,
				84F066B01B960F0A0037EF83 /* NVAudio.m */,
				847AD36F1B906E1300581426 /* NVUser.h */,
				847AD3701B906E1300581426 /* NVUser.m */,
				84E36C8D1B920F7400AC1F56 /* NVWallPost.h */,
				84E36C8E1B920F7400AC1F56 /* NVWallPost.m */,
				84EBDEF81B99093500AD9460 /* NVGroup.h */,
				84EBDEF91B99093500AD9460 /* NVGroup.m */,
				84F066A31B95D7500037EF83 /* NVLikes.h */,
				84F066A41B95D7500037EF83 /* NVLikes.m */,
				84B365591B91E5B9003E33C2 /* NVSubcription.h */,
				84B3655A1B91E5BA003E33C2 /* NVSubcription.m */,
			);
			name = Models;
			sourceTree = "<group>";
		};
		84B365601B91E78A003E33C2 /* ViewControllers */ = {
			isa = PBXGroup;
			children = (
				84EB34A31B9060F800C7E0AC /* NVFriendsVC.h */,
				84EB34A41B9060F800C7E0AC /* NVFriendsVC.m */,
				847AD3721B906E8700581426 /* NVLoginVC.h */,
				847AD3731B906E8700581426 /* NVLoginVC.m */,
				847AD37B1B90AA3B00581426 /* NVDetailInfoVC.h */,
				847AD37C1B90AA3B00581426 /* NVDetailInfoVC.m */,
				84B365561B91D2EE003E33C2 /* NVFollowersVC.h */,
				84B365571B91D2EE003E33C2 /* NVFollowersVC.m */,
				84F066A01B95D1320037EF83 /* NVWallVC.h */,
				84F066A11B95D1320037EF83 /* NVWallVC.m */,
				84B3655C1B91E773003E33C2 /* NVSubscriptionVC.h */,
				84B3655D1B91E773003E33C2 /* NVSubscriptionVC.m */,
				84FD6D811B99FADC00558FE2 /* Cells */,
			);
			name = ViewControllers;
			sourceTree = "<group>";
		};
		84EB34901B9060F700C7E0AC = {
			isa = PBXGroup;
			children = (
				84EB349B1B9060F800C7E0AC /* 45. APIWithoutAccessToken */,
				84EB34B51B9060F800C7E0AC /* 45. APIWithoutAccessTokenTests */,
				84EB349A1B9060F800C7E0AC /* Products */,
				A1543847A5D2E6DD7D7EFA67 /* Pods */,
				E9D0E706F8C863110F2A5BAA /* Frameworks */,
			);
			sourceTree = "<group>";
		};
		84EB349A1B9060F800C7E0AC /* Products */ = {
			isa = PBXGroup;
			children = (
				84EB34991B9060F700C7E0AC /* 45. APIWithoutAccessToken.app */,
				84EB34B21B9060F800C7E0AC /* 45. APIWithoutAccessTokenTests.xctest */,
			);
			name = Products;
			sourceTree = "<group>";
		};
		84EB349B1B9060F800C7E0AC /* 45. APIWithoutAccessToken */ = {
			isa = PBXGroup;
			children = (
				84EB34A01B9060F800C7E0AC /* AppDelegate.h */,
				84EB34A11B9060F800C7E0AC /* AppDelegate.m */,
				84FD6D781B99FAC300558FE2 /* Icons */,
				84B365601B91E78A003E33C2 /* ViewControllers */,
				84B3655F1B91E77C003E33C2 /* Models */,
				847AD3751B90753300581426 /* NVServerManager.h */,
				847AD3761B90753300581426 /* NVServerManager.m */,
				84EB34A61B9060F800C7E0AC /* Main.storyboard */,
				84EB34A91B9060F800C7E0AC /* Images.xcassets */,
				84EB34AB1B9060F800C7E0AC /* LaunchScreen.xib */,
				84EB349C1B9060F800C7E0AC /* Supporting Files */,
			);
			path = "45. APIWithoutAccessToken";
			sourceTree = "<group>";
		};
		84EB349C1B9060F800C7E0AC /* Supporting Files */ = {
			isa = PBXGroup;
			children = (
				84EB349D1B9060F800C7E0AC /* Info.plist */,
				84EB349E1B9060F800C7E0AC /* main.m */,
			);
			name = "Supporting Files";
			sourceTree = "<group>";
		};
		84EB34B51B9060F800C7E0AC /* 45. APIWithoutAccessTokenTests */ = {
			isa = PBXGroup;
			children = (
				84EB34B81B9060F800C7E0AC /* _5__APIWithoutAccessTokenTests.m */,
				84EB34B61B9060F800C7E0AC /* Supporting Files */,
			);
			path = "45. APIWithoutAccessTokenTests";
			sourceTree = "<group>";
		};
		84EB34B61B9060F800C7E0AC /* Supporting Files */ = {
			isa = PBXGroup;
			children = (
				84EB34B71B9060F800C7E0AC /* Info.plist */,
			);
			name = "Supporting Files";
			sourceTree = "<group>";
		};
		84FD6D781B99FAC300558FE2 /* Icons */ = {
			isa = PBXGroup;
			children = (
				84FD6D791B99FAC300558FE2 /* docIcon.png */,
				84FD6D7A1B99FAC300558FE2 /* pauseAudio.jpg */,
				84FD6D7B1B99FAC300558FE2 /* playAudio.jpg */,
				847508BE1B9A6144006A486B /* repostIcon.png */,
				84FD6D7C1B99FAC300558FE2 /* Копия audioIcons.jpg */,
			);
			path = Icons;
			sourceTree = "<group>";
		};
		84FD6D811B99FADC00558FE2 /* Cells */ = {
			isa = PBXGroup;
			children = (
				847AD3781B90A9DF00581426 /* NVPhotoCell.h */,
				847AD3791B90A9DF00581426 /* NVPhotoCell.m */,
				84F066A61B95E6010037EF83 /* NVWallHeaderCell.h */,
				84F066A71B95E6010037EF83 /* NVWallHeaderCell.m */,
				84F066A91B960B630037EF83 /* NVAttachmentCell.h */,
				84F066AA1B960B630037EF83 /* NVAttachmentCell.m */,
				84F047241B983AD10039FEF4 /* NVRepostCell.h */,
				84F047251B983AD10039FEF4 /* NVRepostCell.m */,
				84FD6D751B99A01F00558FE2 /* NVTextCell.h */,
				84FD6D761B99A01F00558FE2 /* NVTextCell.m */,
			);
			name = Cells;
			sourceTree = "<group>";
		};
		A1543847A5D2E6DD7D7EFA67 /* Pods */ = {
			isa = PBXGroup;
			children = (
				2B74597E3F1866E36C551DFF /* Pods.debug.xcconfig */,
				E1A363DDB7F508AC7EA97246 /* Pods.release.xcconfig */,
			);
			name = Pods;
			sourceTree = "<group>";
		};
		E9D0E706F8C863110F2A5BAA /* Frameworks */ = {
			isa = PBXGroup;
			children = (
				BD483B21CB1873FE9DCD784C /* libPods.a */,
			);
			name = Frameworks;
			sourceTree = "<group>";
		};
/* End PBXGroup section */

/* Begin PBXNativeTarget section */
		84EB34981B9060F700C7E0AC /* 45. APIWithoutAccessToken */ = {
			isa = PBXNativeTarget;
			buildConfigurationList = 84EB34BC1B9060F800C7E0AC /* Build configuration list for PBXNativeTarget "45. APIWithoutAccessToken" */;
			buildPhases = (
				27951D88019E4CCFB2E33EED /* Check Pods Manifest.lock */,
				84EB34951B9060F700C7E0AC /* Sources */,
				84EB34961B9060F700C7E0AC /* Frameworks */,
				84EB34971B9060F700C7E0AC /* Resources */,
				006152AC0BBD05BAF48C8D8B /* Copy Pods Resources */,
			);
			buildRules = (
			);
			dependencies = (
			);
			name = "45. APIWithoutAccessToken";
			productName = "45. APIWithoutAccessToken";
			productReference = 84EB34991B9060F700C7E0AC /* 45. APIWithoutAccessToken.app */;
			productType = "com.apple.product-type.application";
		};
		84EB34B11B9060F800C7E0AC /* 45. APIWithoutAccessTokenTests */ = {
			isa = PBXNativeTarget;
			buildConfigurationList = 84EB34BF1B9060F800C7E0AC /* Build configuration list for PBXNativeTarget "45. APIWithoutAccessTokenTests" */;
			buildPhases = (
				84EB34AE1B9060F800C7E0AC /* Sources */,
				84EB34AF1B9060F800C7E0AC /* Frameworks */,
				84EB34B01B9060F800C7E0AC /* Resources */,
			);
			buildRules = (
			);
			dependencies = (
				84EB34B41B9060F800C7E0AC /* PBXTargetDependency */,
			);
			name = "45. APIWithoutAccessTokenTests";
			productName = "45. APIWithoutAccessTokenTests";
			productReference = 84EB34B21B9060F800C7E0AC /* 45. APIWithoutAccessTokenTests.xctest */;
			productType = "com.apple.product-type.bundle.unit-test";
		};
/* End PBXNativeTarget section */

/* Begin PBXProject section */
		84EB34911B9060F700C7E0AC /* Project object */ = {
			isa = PBXProject;
			attributes = {
				LastUpgradeCheck = 0640;
				ORGANIZATIONNAME = Admin;
				TargetAttributes = {
					84EB34981B9060F700C7E0AC = {
						CreatedOnToolsVersion = 6.4;
					};
					84EB34B11B9060F800C7E0AC = {
						CreatedOnToolsVersion = 6.4;
						TestTargetID = 84EB34981B9060F700C7E0AC;
					};
				};
			};
			buildConfigurationList = 84EB34941B9060F700C7E0AC /* Build configuration list for PBXProject "45. APIWithoutAccessToken" */;
			compatibilityVersion = "Xcode 3.2";
			developmentRegion = English;
			hasScannedForEncodings = 0;
			knownRegions = (
				en,
				Base,
			);
			mainGroup = 84EB34901B9060F700C7E0AC;
			productRefGroup = 84EB349A1B9060F800C7E0AC /* Products */;
			projectDirPath = "";
			projectRoot = "";
			targets = (
				84EB34981B9060F700C7E0AC /* 45. APIWithoutAccessToken */,
				84EB34B11B9060F800C7E0AC /* 45. APIWithoutAccessTokenTests */,
			);
		};
/* End PBXProject section */

/* Begin PBXResourcesBuildPhase section */
		84EB34971B9060F700C7E0AC /* Resources */ = {
			isa = PBXResourcesBuildPhase;
			buildActionMask = 2147483647;
			files = (
				84EB34A81B9060F800C7E0AC /* Main.storyboard in Resources */,
				84FD6D7D1B99FAC300558FE2 /* docIcon.png in Resources */,
				84EB34AD1B9060F800C7E0AC /* LaunchScreen.xib in Resources */,
				84FD6D7E1B99FAC300558FE2 /* pauseAudio.jpg in Resources */,
				84FD6D7F1B99FAC300558FE2 /* playAudio.jpg in Resources */,
				84FD6D801B99FAC300558FE2 /* Копия audioIcons.jpg in Resources */,
				84EB34AA1B9060F800C7E0AC /* Images.xcassets in Resources */,
				847508BF1B9A6144006A486B /* repostIcon.png in Resources */,
			);
			runOnlyForDeploymentPostprocessing = 0;
		};
		84EB34B01B9060F800C7E0AC /* Resources */ = {
			isa = PBXResourcesBuildPhase;
			buildActionMask = 2147483647;
			files = (
			);
			runOnlyForDeploymentPostprocessing = 0;
		};
/* End PBXResourcesBuildPhase section */

/* Begin PBXShellScriptBuildPhase section */
		006152AC0BBD05BAF48C8D8B /* Copy Pods Resources */ = {
			isa = PBXShellScriptBuildPhase;
			buildActionMask = 2147483647;
			files = (
			);
			inputPaths = (
			);
			name = "Copy Pods Resources";
			outputPaths = (
			);
			runOnlyForDeploymentPostprocessing = 0;
			shellPath = /bin/sh;
			shellScript = "\"${SRCROOT}/Pods/Target Support Files/Pods/Pods-resources.sh\"\n";
			showEnvVarsInLog = 0;
		};
		27951D88019E4CCFB2E33EED /* Check Pods Manifest.lock */ = {
			isa = PBXShellScriptBuildPhase;
			buildActionMask = 2147483647;
			files = (
			);
			inputPaths = (
			);
			name = "Check Pods Manifest.lock";
			outputPaths = (
			);
			runOnlyForDeploymentPostprocessing = 0;
			shellPath = /bin/sh;
			shellScript = "diff \"${PODS_ROOT}/../Podfile.lock\" \"${PODS_ROOT}/Manifest.lock\" > /dev/null\nif [[ $? != 0 ]] ; then\n    cat << EOM\nerror: The sandbox is not in sync with the Podfile.lock. Run 'pod install' or update your CocoaPods installation.\nEOM\n    exit 1\nfi\n";
			showEnvVarsInLog = 0;
		};
/* End PBXShellScriptBuildPhase section */

/* Begin PBXSourcesBuildPhase section */
		84EB34951B9060F700C7E0AC /* Sources */ = {
			isa = PBXSourcesBuildPhase;
			buildActionMask = 2147483647;
			files = (
				84FD6D771B99A01F00558FE2 /* NVTextCell.m in Sources */,
				84B365581B91D2EE003E33C2 /* NVFollowersVC.m in Sources */,
				847AD3741B906E8700581426 /* NVLoginVC.m in Sources */,
				84F066AE1B960D4E0037EF83 /* NVPhoto.m in Sources */,
				84FD6D841B9A0ED100558FE2 /* NVDocument.m in Sources */,
				84EB34A51B9060F800C7E0AC /* NVFriendsVC.m in Sources */,
				847AD3771B90753300581426 /* NVServerManager.m in Sources */,
				847AD37A1B90A9DF00581426 /* NVPhotoCell.m in Sources */,
				84F066A81B95E6010037EF83 /* NVWallHeaderCell.m in Sources */,
				84F066A21B95D1320037EF83 /* NVWallVC.m in Sources */,
				847AD3711B906E1300581426 /* NVUser.m in Sources */,
				84EBDEFA1B99093500AD9460 /* NVGroup.m in Sources */,
				84B3655B1B91E5BA003E33C2 /* NVSubcription.m in Sources */,
				84B3655E1B91E773003E33C2 /* NVSubscriptionVC.m in Sources */,
				84F066AB1B960B630037EF83 /* NVAttachmentCell.m in Sources */,
				84EB34A21B9060F800C7E0AC /* AppDelegate.m in Sources */,
				84F066A51B95D7500037EF83 /* NVLikes.m in Sources */,
				84F066B11B960F0A0037EF83 /* NVAudio.m in Sources */,
				84EB349F1B9060F800C7E0AC /* main.m in Sources */,
				84F047261B983AD10039FEF4 /* NVRepostCell.m in Sources */,
				847AD37D1B90AA3B00581426 /* NVDetailInfoVC.m in Sources */,
				84E36C8F1B920F7400AC1F56 /* NVWallPost.m in Sources */,
			);
			runOnlyForDeploymentPostprocessing = 0;
		};
		84EB34AE1B9060F800C7E0AC /* Sources */ = {
			isa = PBXSourcesBuildPhase;
			buildActionMask = 2147483647;
			files = (
				84EB34B91B9060F800C7E0AC /* _5__APIWithoutAccessTokenTests.m in Sources */,
			);
			runOnlyForDeploymentPostprocessing = 0;
		};
/* End PBXSourcesBuildPhase section */

/* Begin PBXTargetDependency section */
		84EB34B41B9060F800C7E0AC /* PBXTargetDependency */ = {
			isa = PBXTargetDependency;
			target = 84EB34981B9060F700C7E0AC /* 45. APIWithoutAccessToken */;
			targetProxy = 84EB34B31B9060F800C7E0AC /* PBXContainerItemProxy */;
		};
/* End PBXTargetDependency section */

/* Begin PBXVariantGroup section */
		84EB34A61B9060F800C7E0AC /* Main.storyboard */ = {
			isa = PBXVariantGroup;
			children = (
				84EB34A71B9060F800C7E0AC /* Base */,
			);
			name = Main.storyboard;
			sourceTree = "<group>";
		};
		84EB34AB1B9060F800C7E0AC /* LaunchScreen.xib */ = {
			isa = PBXVariantGroup;
			children = (
				84EB34AC1B9060F800C7E0AC /* Base */,
			);
			name = LaunchScreen.xib;
			sourceTree = "<group>";
		};
/* End PBXVariantGroup section */

/* Begin XCBuildConfiguration section */
		84EB34BA1B9060F800C7E0AC /* Debug */ = {
			isa = XCBuildConfiguration;
			buildSettings = {
				ALWAYS_SEARCH_USER_PATHS = NO;
				CLANG_CXX_LANGUAGE_STANDARD = "gnu++0x";
				CLANG_CXX_LIBRARY = "libc++";
				CLANG_ENABLE_MODULES = YES;
				CLANG_ENABLE_OBJC_ARC = YES;
				CLANG_WARN_BOOL_CONVERSION = YES;
				CLANG_WARN_CONSTANT_CONVERSION = YES;
				CLANG_WARN_DIRECT_OBJC_ISA_USAGE = YES_ERROR;
				CLANG_WARN_EMPTY_BODY = YES;
				CLANG_WARN_ENUM_CONVERSION = YES;
				CLANG_WARN_INT_CONVERSION = YES;
				CLANG_WARN_OBJC_ROOT_CLASS = YES_ERROR;
				CLANG_WARN_UNREACHABLE_CODE = YES;
				CLANG_WARN__DUPLICATE_METHOD_MATCH = YES;
				"CODE_SIGN_IDENTITY[sdk=iphoneos*]" = "iPhone Developer";
				COPY_PHASE_STRIP = NO;
				DEBUG_INFORMATION_FORMAT = "dwarf-with-dsym";
				ENABLE_STRICT_OBJC_MSGSEND = YES;
				GCC_C_LANGUAGE_STANDARD = gnu99;
				GCC_DYNAMIC_NO_PIC = NO;
				GCC_NO_COMMON_BLOCKS = YES;
				GCC_OPTIMIZATION_LEVEL = 0;
				GCC_PREPROCESSOR_DEFINITIONS = (
					"DEBUG=1",
					"$(inherited)",
				);
				GCC_SYMBOLS_PRIVATE_EXTERN = NO;
				GCC_WARN_64_TO_32_BIT_CONVERSION = YES;
				GCC_WARN_ABOUT_RETURN_TYPE = YES_ERROR;
				GCC_WARN_UNDECLARED_SELECTOR = YES;
				GCC_WARN_UNINITIALIZED_AUTOS = YES_AGGRESSIVE;
				GCC_WARN_UNUSED_FUNCTION = YES;
				GCC_WARN_UNUSED_VARIABLE = YES;
				IPHONEOS_DEPLOYMENT_TARGET = 8.4;
				MTL_ENABLE_DEBUG_INFO = YES;
				ONLY_ACTIVE_ARCH = YES;
				SDKROOT = iphoneos;
				TARGETED_DEVICE_FAMILY = "1,2";
			};
			name = Debug;
		};
		84EB34BB1B9060F800C7E0AC /* Release */ = {
			isa = XCBuildConfiguration;
			buildSettings = {
				ALWAYS_SEARCH_USER_PATHS = NO;
				CLANG_CXX_LANGUAGE_STANDARD = "gnu++0x";
				CLANG_CXX_LIBRARY = "libc++";
				CLANG_ENABLE_MODULES = YES;
				CLANG_ENABLE_OBJC_ARC = YES;
				CLANG_WARN_BOOL_CONVERSION = YES;
				CLANG_WARN_CONSTANT_CONVERSION = YES;
				CLANG_WARN_DIRECT_OBJC_ISA_USAGE = YES_ERROR;
				CLANG_WARN_EMPTY_BODY = YES;
				CLANG_WARN_ENUM_CONVERSION = YES;
				CLANG_WARN_INT_CONVERSION = YES;
				CLANG_WARN_OBJC_ROOT_CLASS = YES_ERROR;
				CLANG_WARN_UNREACHABLE_CODE = YES;
				CLANG_WARN__DUPLICATE_METHOD_MATCH = YES;
				"CODE_SIGN_IDENTITY[sdk=iphoneos*]" = "iPhone Developer";
				COPY_PHASE_STRIP = NO;
				DEBUG_INFORMATION_FORMAT = "dwarf-with-dsym";
				ENABLE_NS_ASSERTIONS = NO;
				ENABLE_STRICT_OBJC_MSGSEND = YES;
				GCC_C_LANGUAGE_STANDARD = gnu99;
				GCC_NO_COMMON_BLOCKS = YES;
				GCC_WARN_64_TO_32_BIT_CONVERSION = YES;
				GCC_WARN_ABOUT_RETURN_TYPE = YES_ERROR;
				GCC_WARN_UNDECLARED_SELECTOR = YES;
				GCC_WARN_UNINITIALIZED_AUTOS = YES_AGGRESSIVE;
				GCC_WARN_UNUSED_FUNCTION = YES;
				GCC_WARN_UNUSED_VARIABLE = YES;
				IPHONEOS_DEPLOYMENT_TARGET = 8.4;
				MTL_ENABLE_DEBUG_INFO = NO;
				SDKROOT = iphoneos;
				TARGETED_DEVICE_FAMILY = "1,2";
				VALIDATE_PRODUCT = YES;
			};
			name = Release;
		};
		84EB34BD1B9060F800C7E0AC /* Debug */ = {
			isa = XCBuildConfiguration;
			baseConfigurationReference = 2B74597E3F1866E36C551DFF /* Pods.debug.xcconfig */;
			buildSettings = {
				ASSETCATALOG_COMPILER_APPICON_NAME = AppIcon;
				INFOPLIST_FILE = "45. APIWithoutAccessToken/Info.plist";
				LD_RUNPATH_SEARCH_PATHS = "$(inherited) @executable_path/Frameworks";
				PRODUCT_NAME = "$(TARGET_NAME)";
			};
			name = Debug;
		};
		84EB34BE1B9060F800C7E0AC /* Release */ = {
			isa = XCBuildConfiguration;
			baseConfigurationReference = E1A363DDB7F508AC7EA97246 /* Pods.release.xcconfig */;
			buildSettings = {
				ASSETCATALOG_COMPILER_APPICON_NAME = AppIcon;
				INFOPLIST_FILE = "45. APIWithoutAccessToken/Info.plist";
				LD_RUNPATH_SEARCH_PATHS = "$(inherited) @executable_path/Frameworks";
				PRODUCT_NAME = "$(TARGET_NAME)";
			};
			name = Release;
		};
		84EB34C01B9060F800C7E0AC /* Debug */ = {
			isa = XCBuildConfiguration;
			buildSettings = {
				BUNDLE_LOADER = "$(TEST_HOST)";
				FRAMEWORK_SEARCH_PATHS = (
					"$(SDKROOT)/Developer/Library/Frameworks",
					"$(inherited)",
				);
				GCC_PREPROCESSOR_DEFINITIONS = (
					"DEBUG=1",
					"$(inherited)",
				);
				INFOPLIST_FILE = "45. APIWithoutAccessTokenTests/Info.plist";
				LD_RUNPATH_SEARCH_PATHS = "$(inherited) @executable_path/Frameworks @loader_path/Frameworks";
				PRODUCT_NAME = "$(TARGET_NAME)";
				TEST_HOST = "$(BUILT_PRODUCTS_DIR)/45. APIWithoutAccessToken.app/45. APIWithoutAccessToken";
			};
			name = Debug;
		};
		84EB34C11B9060F800C7E0AC /* Release */ = {
			isa = XCBuildConfiguration;
			buildSettings = {
				BUNDLE_LOADER = "$(TEST_HOST)";
				FRAMEWORK_SEARCH_PATHS = (
					"$(SDKROOT)/Developer/Library/Frameworks",
					"$(inherited)",
				);
				INFOPLIST_FILE = "45. APIWithoutAccessTokenTests/Info.plist";
				LD_RUNPATH_SEARCH_PATHS = "$(inherited) @executable_path/Frameworks @loader_path/Frameworks";
				PRODUCT_NAME = "$(TARGET_NAME)";
				TEST_HOST = "$(BUILT_PRODUCTS_DIR)/45. APIWithoutAccessToken.app/45. APIWithoutAccessToken";
			};
			name = Release;
		};
/* End XCBuildConfiguration section */

/* Begin XCConfigurationList section */
		84EB34941B9060F700C7E0AC /* Build configuration list for PBXProject "45. APIWithoutAccessToken" */ = {
			isa = XCConfigurationList;
			buildConfigurations = (
				84EB34BA1B9060F800C7E0AC /* Debug */,
				84EB34BB1B9060F800C7E0AC /* Release */,
			);
			defaultConfigurationIsVisible = 0;
			defaultConfigurationName = Release;
		};
		84EB34BC1B9060F800C7E0AC /* Build configuration list for PBXNativeTarget "45. APIWithoutAccessToken" */ = {
			isa = XCConfigurationList;
			buildConfigurations = (
				84EB34BD1B9060F800C7E0AC /* Debug */,
				84EB34BE1B9060F800C7E0AC /* Release */,
			);
			defaultConfigurationIsVisible = 0;
			defaultConfigurationName = Release;
		};
		84EB34BF1B9060F800C7E0AC /* Build configuration list for PBXNativeTarget "45. APIWithoutAccessTokenTests" */ = {
			isa = XCConfigurationList;
			buildConfigurations = (
				84EB34C01B9060F800C7E0AC /* Debug */,
				84EB34C11B9060F800C7E0AC /* Release */,
			);
			defaultConfigurationIsVisible = 0;
			defaultConfigurationName = Release;
		};
/* End XCConfigurationList section */
	};
	rootObject = 84EB34911B9060F700C7E0AC /* Project object */;
}
